// !$*UTF8*$!
{
	archiveVersion = 1;
	classes = {
	};
	objectVersion = 55;
	objects = {

/* Begin PBXBuildFile section */
		DE0B58C82840A08E00A5F418 /* AppDelegate.swift in Sources */ = {isa = PBXBuildFile; fileRef = DE0B58C72840A08E00A5F418 /* AppDelegate.swift */; };
		DE0B58CA2840A08E00A5F418 /* SceneDelegate.swift in Sources */ = {isa = PBXBuildFile; fileRef = DE0B58C92840A08E00A5F418 /* SceneDelegate.swift */; };
		DE0B58CC2840A08E00A5F418 /* ViewController.swift in Sources */ = {isa = PBXBuildFile; fileRef = DE0B58CB2840A08E00A5F418 /* ViewController.swift */; };
		DE0B58CF2840A08E00A5F418 /* Main.storyboard in Resources */ = {isa = PBXBuildFile; fileRef = DE0B58CD2840A08E00A5F418 /* Main.storyboard */; };
		DE0B58D22840A08E00A5F418 /* Transcend.xcdatamodeld in Sources */ = {isa = PBXBuildFile; fileRef = DE0B58D02840A08E00A5F418 /* Transcend.xcdatamodeld */; };
		DE0B58D42840A09100A5F418 /* Assets.xcassets in Resources */ = {isa = PBXBuildFile; fileRef = DE0B58D32840A09100A5F418 /* Assets.xcassets */; };
		DE0B58D72840A09100A5F418 /* LaunchScreen.storyboard in Resources */ = {isa = PBXBuildFile; fileRef = DE0B58D52840A09100A5F418 /* LaunchScreen.storyboard */; };
		DE0B58E22840A09100A5F418 /* TranscendTests.swift in Sources */ = {isa = PBXBuildFile; fileRef = DE0B58E12840A09100A5F418 /* TranscendTests.swift */; };
		DE0B58EC2840A09100A5F418 /* TranscendUITests.swift in Sources */ = {isa = PBXBuildFile; fileRef = DE0B58EB2840A09100A5F418 /* TranscendUITests.swift */; };
		DE0B58EE2840A09100A5F418 /* TranscendUITestsLaunchTests.swift in Sources */ = {isa = PBXBuildFile; fileRef = DE0B58ED2840A09100A5F418 /* TranscendUITestsLaunchTests.swift */; };
/* End PBXBuildFile section */

/* Begin PBXContainerItemProxy section */
		DE0B58DE2840A09100A5F418 /* PBXContainerItemProxy */ = {
			isa = PBXContainerItemProxy;
			containerPortal = DE0B58BC2840A08D00A5F418 /* Project object */;
			proxyType = 1;
			remoteGlobalIDString = DE0B58C32840A08E00A5F418;
			remoteInfo = Transcend;
		};
		DE0B58E82840A09100A5F418 /* PBXContainerItemProxy */ = {
			isa = PBXContainerItemProxy;
			containerPortal = DE0B58BC2840A08D00A5F418 /* Project object */;
			proxyType = 1;
			remoteGlobalIDString = DE0B58C32840A08E00A5F418;
			remoteInfo = Transcend;
		};
/* End PBXContainerItemProxy section */

/* Begin PBXFileReference section */
		DE0B58C42840A08E00A5F418 /* Transcend.app */ = {isa = PBXFileReference; explicitFileType = wrapper.application; includeInIndex = 0; path = Transcend.app; sourceTree = BUILT_PRODUCTS_DIR; };
		DE0B58C72840A08E00A5F418 /* AppDelegate.swift */ = {isa = PBXFileReference; lastKnownFileType = sourcecode.swift; path = AppDelegate.swift; sourceTree = "<group>"; };
		DE0B58C92840A08E00A5F418 /* SceneDelegate.swift */ = {isa = PBXFileReference; lastKnownFileType = sourcecode.swift; path = SceneDelegate.swift; sourceTree = "<group>"; };
		DE0B58CB2840A08E00A5F418 /* ViewController.swift */ = {isa = PBXFileReference; lastKnownFileType = sourcecode.swift; path = ViewController.swift; sourceTree = "<group>"; };
		DE0B58CE2840A08E00A5F418 /* Base */ = {isa = PBXFileReference; lastKnownFileType = file.storyboard; name = Base; path = Base.lproj/Main.storyboard; sourceTree = "<group>"; };
		DE0B58D12840A08E00A5F418 /* Transcend.xcdatamodel */ = {isa = PBXFileReference; lastKnownFileType = wrapper.xcdatamodel; path = Transcend.xcdatamodel; sourceTree = "<group>"; };
		DE0B58D32840A09100A5F418 /* Assets.xcassets */ = {isa = PBXFileReference; lastKnownFileType = folder.assetcatalog; path = Assets.xcassets; sourceTree = "<group>"; };
		DE0B58D62840A09100A5F418 /* Base */ = {isa = PBXFileReference; lastKnownFileType = file.storyboard; name = Base; path = Base.lproj/LaunchScreen.storyboard; sourceTree = "<group>"; };
		DE0B58D82840A09100A5F418 /* Info.plist */ = {isa = PBXFileReference; lastKnownFileType = text.plist.xml; path = Info.plist; sourceTree = "<group>"; };
		DE0B58DD2840A09100A5F418 /* TranscendTests.xctest */ = {isa = PBXFileReference; explicitFileType = wrapper.cfbundle; includeInIndex = 0; path = TranscendTests.xctest; sourceTree = BUILT_PRODUCTS_DIR; };
		DE0B58E12840A09100A5F418 /* TranscendTests.swift */ = {isa = PBXFileReference; lastKnownFileType = sourcecode.swift; path = TranscendTests.swift; sourceTree = "<group>"; };
		DE0B58E72840A09100A5F418 /* TranscendUITests.xctest */ = {isa = PBXFileReference; explicitFileType = wrapper.cfbundle; includeInIndex = 0; path = TranscendUITests.xctest; sourceTree = BUILT_PRODUCTS_DIR; };
		DE0B58EB2840A09100A5F418 /* TranscendUITests.swift */ = {isa = PBXFileReference; lastKnownFileType = sourcecode.swift; path = TranscendUITests.swift; sourceTree = "<group>"; };
		DE0B58ED2840A09100A5F418 /* TranscendUITestsLaunchTests.swift */ = {isa = PBXFileReference; lastKnownFileType = sourcecode.swift; path = TranscendUITestsLaunchTests.swift; sourceTree = "<group>"; };
/* End PBXFileReference section */

/* Begin PBXFrameworksBuildPhase section */
		DE0B58C12840A08E00A5F418 /* Frameworks */ = {
			isa = PBXFrameworksBuildPhase;
			buildActionMask = 2147483647;
			files = (
			);
			runOnlyForDeploymentPostprocessing = 0;
		};
		DE0B58DA2840A09100A5F418 /* Frameworks */ = {
			isa = PBXFrameworksBuildPhase;
			buildActionMask = 2147483647;
			files = (
			);
			runOnlyForDeploymentPostprocessing = 0;
		};
		DE0B58E42840A09100A5F418 /* Frameworks */ = {
			isa = PBXFrameworksBuildPhase;
			buildActionMask = 2147483647;
			files = (
			);
			runOnlyForDeploymentPostprocessing = 0;
		};
/* End PBXFrameworksBuildPhase section */

/* Begin PBXGroup section */
		DE0B58BB2840A08D00A5F418 = {
			isa = PBXGroup;
			children = (
				DE0B58C62840A08E00A5F418 /* Transcend */,
				DE0B58E02840A09100A5F418 /* TranscendTests */,
				DE0B58EA2840A09100A5F418 /* TranscendUITests */,
				DE0B58C52840A08E00A5F418 /* Products */,
			);
			sourceTree = "<group>";
		};
		DE0B58C52840A08E00A5F418 /* Products */ = {
			isa = PBXGroup;
			children = (
				DE0B58C42840A08E00A5F418 /* Transcend.app */,
				DE0B58DD2840A09100A5F418 /* TranscendTests.xctest */,
				DE0B58E72840A09100A5F418 /* TranscendUITests.xctest */,
			);
			name = Products;
			sourceTree = "<group>";
		};
		DE0B58C62840A08E00A5F418 /* Transcend */ = {
			isa = PBXGroup;
			children = (
				DE0B58C72840A08E00A5F418 /* AppDelegate.swift */,
				DE0B58C92840A08E00A5F418 /* SceneDelegate.swift */,
				DE0B58CB2840A08E00A5F418 /* ViewController.swift */,
				DE0B58CD2840A08E00A5F418 /* Main.storyboard */,
				DE0B58D32840A09100A5F418 /* Assets.xcassets */,
				DE0B58D52840A09100A5F418 /* LaunchScreen.storyboard */,
				DE0B58D82840A09100A5F418 /* Info.plist */,
				DE0B58D02840A08E00A5F418 /* Transcend.xcdatamodeld */,
			);
			path = Transcend;
			sourceTree = "<group>";
		};
		DE0B58E02840A09100A5F418 /* TranscendTests */ = {
			isa = PBXGroup;
			children = (
				DE0B58E12840A09100A5F418 /* TranscendTests.swift */,
			);
			path = TranscendTests;
			sourceTree = "<group>";
		};
		DE0B58EA2840A09100A5F418 /* TranscendUITests */ = {
			isa = PBXGroup;
			children = (
				DE0B58EB2840A09100A5F418 /* TranscendUITests.swift */,
				DE0B58ED2840A09100A5F418 /* TranscendUITestsLaunchTests.swift */,
			);
			path = TranscendUITests;
			sourceTree = "<group>";
		};
/* End PBXGroup section */

/* Begin PBXNativeTarget section */
		DE0B58C32840A08E00A5F418 /* Transcend */ = {
			isa = PBXNativeTarget;
			buildConfigurationList = DE0B58F12840A09100A5F418 /* Build configuration list for PBXNativeTarget "Transcend" */;
			buildPhases = (
				DE0B58C02840A08E00A5F418 /* Sources */,
				DE0B58C12840A08E00A5F418 /* Frameworks */,
				DE0B58C22840A08E00A5F418 /* Resources */,
			);
			buildRules = (
			);
			dependencies = (
			);
			name = Transcend;
			productName = Transcend;
			productReference = DE0B58C42840A08E00A5F418 /* Transcend.app */;
			productType = "com.apple.product-type.application";
		};
		DE0B58DC2840A09100A5F418 /* TranscendTests */ = {
			isa = PBXNativeTarget;
			buildConfigurationList = DE0B58F42840A09100A5F418 /* Build configuration list for PBXNativeTarget "TranscendTests" */;
			buildPhases = (
				DE0B58D92840A09100A5F418 /* Sources */,
				DE0B58DA2840A09100A5F418 /* Frameworks */,
				DE0B58DB2840A09100A5F418 /* Resources */,
			);
			buildRules = (
			);
			dependencies = (
				DE0B58DF2840A09100A5F418 /* PBXTargetDependency */,
			);
			name = TranscendTests;
			productName = TranscendTests;
			productReference = DE0B58DD2840A09100A5F418 /* TranscendTests.xctest */;
			productType = "com.apple.product-type.bundle.unit-test";
		};
		DE0B58E62840A09100A5F418 /* TranscendUITests */ = {
			isa = PBXNativeTarget;
			buildConfigurationList = DE0B58F72840A09100A5F418 /* Build configuration list for PBXNativeTarget "TranscendUITests" */;
			buildPhases = (
				DE0B58E32840A09100A5F418 /* Sources */,
				DE0B58E42840A09100A5F418 /* Frameworks */,
				DE0B58E52840A09100A5F418 /* Resources */,
			);
			buildRules = (
			);
			dependencies = (
				DE0B58E92840A09100A5F418 /* PBXTargetDependency */,
			);
			name = TranscendUITests;
			productName = TranscendUITests;
			productReference = DE0B58E72840A09100A5F418 /* TranscendUITests.xctest */;
			productType = "com.apple.product-type.bundle.ui-testing";
		};
/* End PBXNativeTarget section */

/* Begin PBXProject section */
		DE0B58BC2840A08D00A5F418 /* Project object */ = {
			isa = PBXProject;
			attributes = {
				BuildIndependentTargetsInParallel = 1;
				LastSwiftUpdateCheck = 1330;
				LastUpgradeCheck = 1330;
				TargetAttributes = {
					DE0B58C32840A08E00A5F418 = {
						CreatedOnToolsVersion = 13.3.1;
					};
					DE0B58DC2840A09100A5F418 = {
						CreatedOnToolsVersion = 13.3.1;
						TestTargetID = DE0B58C32840A08E00A5F418;
					};
					DE0B58E62840A09100A5F418 = {
						CreatedOnToolsVersion = 13.3.1;
						TestTargetID = DE0B58C32840A08E00A5F418;
					};
				};
			};
			buildConfigurationList = DE0B58BF2840A08D00A5F418 /* Build configuration list for PBXProject "Transcend" */;
			compatibilityVersion = "Xcode 13.0";
			developmentRegion = en;
			hasScannedForEncodings = 0;
			knownRegions = (
				en,
				Base,
			);
			mainGroup = DE0B58BB2840A08D00A5F418;
			productRefGroup = DE0B58C52840A08E00A5F418 /* Products */;
			projectDirPath = "";
			projectRoot = "";
			targets = (
				DE0B58C32840A08E00A5F418 /* Transcend */,
				DE0B58DC2840A09100A5F418 /* TranscendTests */,
				DE0B58E62840A09100A5F418 /* TranscendUITests */,
			);
		};
/* End PBXProject section */

/* Begin PBXResourcesBuildPhase section */
		DE0B58C22840A08E00A5F418 /* Resources */ = {
			isa = PBXResourcesBuildPhase;
			buildActionMask = 2147483647;
			files = (
				DE0B58D72840A09100A5F418 /* LaunchScreen.storyboard in Resources */,
				DE0B58D42840A09100A5F418 /* Assets.xcassets in Resources */,
				DE0B58CF2840A08E00A5F418 /* Main.storyboard in Resources */,
			);
			runOnlyForDeploymentPostprocessing = 0;
		};
		DE0B58DB2840A09100A5F418 /* Resources */ = {
			isa = PBXResourcesBuildPhase;
			buildActionMask = 2147483647;
			files = (
			);
			runOnlyForDeploymentPostprocessing = 0;
		};
		DE0B58E52840A09100A5F418 /* Resources */ = {
			isa = PBXResourcesBuildPhase;
			buildActionMask = 2147483647;
			files = (
			);
			runOnlyForDeploymentPostprocessing = 0;
		};
/* End PBXResourcesBuildPhase section */

/* Begin PBXSourcesBuildPhase section */
		DE0B58C02840A08E00A5F418 /* Sources */ = {
			isa = PBXSourcesBuildPhase;
			buildActionMask = 2147483647;
			files = (
				DE0B58D22840A08E00A5F418 /* Transcend.xcdatamodeld in Sources */,
				DE0B58CC2840A08E00A5F418 /* ViewController.swift in Sources */,
				DE0B58C82840A08E00A5F418 /* AppDelegate.swift in Sources */,
				DE0B58CA2840A08E00A5F418 /* SceneDelegate.swift in Sources */,
			);
			runOnlyForDeploymentPostprocessing = 0;
		};
		DE0B58D92840A09100A5F418 /* Sources */ = {
			isa = PBXSourcesBuildPhase;
			buildActionMask = 2147483647;
			files = (
				DE0B58E22840A09100A5F418 /* TranscendTests.swift in Sources */,
			);
			runOnlyForDeploymentPostprocessing = 0;
		};
		DE0B58E32840A09100A5F418 /* Sources */ = {
			isa = PBXSourcesBuildPhase;
			buildActionMask = 2147483647;
			files = (
				DE0B58EC2840A09100A5F418 /* TranscendUITests.swift in Sources */,
				DE0B58EE2840A09100A5F418 /* TranscendUITestsLaunchTests.swift in Sources */,
			);
			runOnlyForDeploymentPostprocessing = 0;
		};
/* End PBXSourcesBuildPhase section */

/* Begin PBXTargetDependency section */
		DE0B58DF2840A09100A5F418 /* PBXTargetDependency */ = {
			isa = PBXTargetDependency;
			target = DE0B58C32840A08E00A5F418 /* Transcend */;
			targetProxy = DE0B58DE2840A09100A5F418 /* PBXContainerItemProxy */;
		};
		DE0B58E92840A09100A5F418 /* PBXTargetDependency */ = {
			isa = PBXTargetDependency;
			target = DE0B58C32840A08E00A5F418 /* Transcend */;
			targetProxy = DE0B58E82840A09100A5F418 /* PBXContainerItemProxy */;
		};
/* End PBXTargetDependency section */

/* Begin PBXVariantGroup section */
		DE0B58CD2840A08E00A5F418 /* Main.storyboard */ = {
			isa = PBXVariantGroup;
			children = (
				DE0B58CE2840A08E00A5F418 /* Base */,
			);
			name = Main.storyboard;
			sourceTree = "<group>";
		};
		DE0B58D52840A09100A5F418 /* LaunchScreen.storyboard */ = {
			isa = PBXVariantGroup;
			children = (
				DE0B58D62840A09100A5F418 /* Base */,
			);
			name = LaunchScreen.storyboard;
			sourceTree = "<group>";
		};
/* End PBXVariantGroup section */

/* Begin XCBuildConfiguration section */
		DE0B58EF2840A09100A5F418 /* Debug */ = {
			isa = XCBuildConfiguration;
			buildSettings = {
				ALWAYS_SEARCH_USER_PATHS = NO;
				CLANG_ANALYZER_NONNULL = YES;
				CLANG_ANALYZER_NUMBER_OBJECT_CONVERSION = YES_AGGRESSIVE;
				CLANG_CXX_LANGUAGE_STANDARD = "gnu++17";
				CLANG_ENABLE_MODULES = YES;
				CLANG_ENABLE_OBJC_ARC = YES;
				CLANG_ENABLE_OBJC_WEAK = YES;
				CLANG_WARN_BLOCK_CAPTURE_AUTORELEASING = YES;
				CLANG_WARN_BOOL_CONVERSION = YES;
				CLANG_WARN_COMMA = YES;
				CLANG_WARN_CONSTANT_CONVERSION = YES;
				CLANG_WARN_DEPRECATED_OBJC_IMPLEMENTATIONS = YES;
				CLANG_WARN_DIRECT_OBJC_ISA_USAGE = YES_ERROR;
				CLANG_WARN_DOCUMENTATION_COMMENTS = YES;
				CLANG_WARN_EMPTY_BODY = YES;
				CLANG_WARN_ENUM_CONVERSION = YES;
				CLANG_WARN_INFINITE_RECURSION = YES;
				CLANG_WARN_INT_CONVERSION = YES;
				CLANG_WARN_NON_LITERAL_NULL_CONVERSION = YES;
				CLANG_WARN_OBJC_IMPLICIT_RETAIN_SELF = YES;
				CLANG_WARN_OBJC_LITERAL_CONVERSION = YES;
				CLANG_WARN_OBJC_ROOT_CLASS = YES_ERROR;
				CLANG_WARN_QUOTED_INCLUDE_IN_FRAMEWORK_HEADER = YES;
				CLANG_WARN_RANGE_LOOP_ANALYSIS = YES;
				CLANG_WARN_STRICT_PROTOTYPES = YES;
				CLANG_WARN_SUSPICIOUS_MOVE = YES;
				CLANG_WARN_UNGUARDED_AVAILABILITY = YES_AGGRESSIVE;
				CLANG_WARN_UNREACHABLE_CODE = YES;
				CLANG_WARN__DUPLICATE_METHOD_MATCH = YES;
				COPY_PHASE_STRIP = NO;
				DEBUG_INFORMATION_FORMAT = dwarf;
				ENABLE_STRICT_OBJC_MSGSEND = YES;
				ENABLE_TESTABILITY = YES;
				GCC_C_LANGUAGE_STANDARD = gnu11;
				GCC_DYNAMIC_NO_PIC = NO;
				GCC_NO_COMMON_BLOCKS = YES;
				GCC_OPTIMIZATION_LEVEL = 0;
				GCC_PREPROCESSOR_DEFINITIONS = (
					"DEBUG=1",
					"$(inherited)",
				);
				GCC_WARN_64_TO_32_BIT_CONVERSION = YES;
				GCC_WARN_ABOUT_RETURN_TYPE = YES_ERROR;
				GCC_WARN_UNDECLARED_SELECTOR = YES;
				GCC_WARN_UNINITIALIZED_AUTOS = YES_AGGRESSIVE;
				GCC_WARN_UNUSED_FUNCTION = YES;
				GCC_WARN_UNUSED_VARIABLE = YES;
				IPHONEOS_DEPLOYMENT_TARGET = 15.4;
				MTL_ENABLE_DEBUG_INFO = INCLUDE_SOURCE;
				MTL_FAST_MATH = YES;
				ONLY_ACTIVE_ARCH = YES;
				SDKROOT = iphoneos;
				SWIFT_ACTIVE_COMPILATION_CONDITIONS = DEBUG;
				SWIFT_OPTIMIZATION_LEVEL = "-Onone";
			};
			name = Debug;
		};
		DE0B58F02840A09100A5F418 /* Release */ = {
			isa = XCBuildConfiguration;
			buildSettings = {
				ALWAYS_SEARCH_USER_PATHS = NO;
				CLANG_ANALYZER_NONNULL = YES;
				CLANG_ANALYZER_NUMBER_OBJECT_CONVERSION = YES_AGGRESSIVE;
				CLANG_CXX_LANGUAGE_STANDARD = "gnu++17";
				CLANG_ENABLE_MODULES = YES;
				CLANG_ENABLE_OBJC_ARC = YES;
				CLANG_ENABLE_OBJC_WEAK = YES;
				CLANG_WARN_BLOCK_CAPTURE_AUTORELEASING = YES;
				CLANG_WARN_BOOL_CONVERSION = YES;
				CLANG_WARN_COMMA = YES;
				CLANG_WARN_CONSTANT_CONVERSION = YES;
				CLANG_WARN_DEPRECATED_OBJC_IMPLEMENTATIONS = YES;
				CLANG_WARN_DIRECT_OBJC_ISA_USAGE = YES_ERROR;
				CLANG_WARN_DOCUMENTATION_COMMENTS = YES;
				CLANG_WARN_EMPTY_BODY = YES;
				CLANG_WARN_ENUM_CONVERSION = YES;
				CLANG_WARN_INFINITE_RECURSION = YES;
				CLANG_WARN_INT_CONVERSION = YES;
				CLANG_WARN_NON_LITERAL_NULL_CONVERSION = YES;
				CLANG_WARN_OBJC_IMPLICIT_RETAIN_SELF = YES;
				CLANG_WARN_OBJC_LITERAL_CONVERSION = YES;
				CLANG_WARN_OBJC_ROOT_CLASS = YES_ERROR;
				CLANG_WARN_QUOTED_INCLUDE_IN_FRAMEWORK_HEADER = YES;
				CLANG_WARN_RANGE_LOOP_ANALYSIS = YES;
				CLANG_WARN_STRICT_PROTOTYPES = YES;
				CLANG_WARN_SUSPICIOUS_MOVE = YES;
				CLANG_WARN_UNGUARDED_AVAILABILITY = YES_AGGRESSIVE;
				CLANG_WARN_UNREACHABLE_CODE = YES;
				CLANG_WARN__DUPLICATE_METHOD_MATCH = YES;
				COPY_PHASE_STRIP = NO;
				DEBUG_INFORMATION_FORMAT = "dwarf-with-dsym";
				ENABLE_NS_ASSERTIONS = NO;
				ENABLE_STRICT_OBJC_MSGSEND = YES;
				GCC_C_LANGUAGE_STANDARD = gnu11;
				GCC_NO_COMMON_BLOCKS = YES;
				GCC_WARN_64_TO_32_BIT_CONVERSION = YES;
				GCC_WARN_ABOUT_RETURN_TYPE = YES_ERROR;
				GCC_WARN_UNDECLARED_SELECTOR = YES;
				GCC_WARN_UNINITIALIZED_AUTOS = YES_AGGRESSIVE;
				GCC_WARN_UNUSED_FUNCTION = YES;
				GCC_WARN_UNUSED_VARIABLE = YES;
				IPHONEOS_DEPLOYMENT_TARGET = 15.4;
				MTL_ENABLE_DEBUG_INFO = NO;
				MTL_FAST_MATH = YES;
				SDKROOT = iphoneos;
				SWIFT_COMPILATION_MODE = wholemodule;
				SWIFT_OPTIMIZATION_LEVEL = "-O";
				VALIDATE_PRODUCT = YES;
			};
			name = Release;
		};
		DE0B58F22840A09100A5F418 /* Debug */ = {
			isa = XCBuildConfiguration;
			buildSettings = {
				ASSETCATALOG_COMPILER_APPICON_NAME = AppIcon;
				ASSETCATALOG_COMPILER_GLOBAL_ACCENT_COLOR_NAME = AccentColor;
				CODE_SIGN_STYLE = Automatic;
				CURRENT_PROJECT_VERSION = 1;
				DEVELOPMENT_TEAM = WD28M49YQQ;
				GENERATE_INFOPLIST_FILE = YES;
				INFOPLIST_FILE = Transcend/Info.plist;
				INFOPLIST_KEY_UIApplicationSupportsIndirectInputEvents = YES;
				INFOPLIST_KEY_UILaunchStoryboardName = LaunchScreen;
				INFOPLIST_KEY_UIMainStoryboardFile = Main;
				INFOPLIST_KEY_UISupportedInterfaceOrientations_iPad = "UIInterfaceOrientationPortrait UIInterfaceOrientationPortraitUpsideDown UIInterfaceOrientationLandscapeLeft UIInterfaceOrientationLandscapeRight";
				INFOPLIST_KEY_UISupportedInterfaceOrientations_iPhone = "UIInterfaceOrientationPortrait UIInterfaceOrientationLandscapeLeft UIInterfaceOrientationLandscapeRight";
				LD_RUNPATH_SEARCH_PATHS = (
					"$(inherited)",
					"@executable_path/Frameworks",
				);
				MARKETING_VERSION = 1.0;
				PRODUCT_BUNDLE_IDENTIFIER = com.ArjunMohan.Transcend;
				PRODUCT_NAME = "$(TARGET_NAME)";
				SWIFT_EMIT_LOC_STRINGS = YES;
				SWIFT_VERSION = 5.0;
				TARGETED_DEVICE_FAMILY = "1,2";
			};
			name = Debug;
		};
		DE0B58F32840A09100A5F418 /* Release */ = {
			isa = XCBuildConfiguration;
			buildSettings = {
				ASSETCATALOG_COMPILER_APPICON_NAME = AppIcon;
				ASSETCATALOG_COMPILER_GLOBAL_ACCENT_COLOR_NAME = AccentColor;
				CODE_SIGN_STYLE = Automatic;
				CURRENT_PROJECT_VERSION = 1;
				DEVELOPMENT_TEAM = WD28M49YQQ;
				GENERATE_INFOPLIST_FILE = YES;
				INFOPLIST_FILE = Transcend/Info.plist;
				INFOPLIST_KEY_UIApplicationSupportsIndirectInputEvents = YES;
				INFOPLIST_KEY_UILaunchStoryboardName = LaunchScreen;
				INFOPLIST_KEY_UIMainStoryboardFile = Main;
				INFOPLIST_KEY_UISupportedInterfaceOrientations_iPad = "UIInterfaceOrientationPortrait UIInterfaceOrientationPortraitUpsideDown UIInterfaceOrientationLandscapeLeft UIInterfaceOrientationLandscapeRight";
				INFOPLIST_KEY_UISupportedInterfaceOrientations_iPhone = "UIInterfaceOrientationPortrait UIInterfaceOrientationLandscapeLeft UIInterfaceOrientationLandscapeRight";
				LD_RUNPATH_SEARCH_PATHS = (
					"$(inherited)",
					"@executable_path/Frameworks",
				);
				MARKETING_VERSION = 1.0;
				PRODUCT_BUNDLE_IDENTIFIER = com.ArjunMohan.Transcend;
				PRODUCT_NAME = "$(TARGET_NAME)";
				SWIFT_EMIT_LOC_STRINGS = YES;
				SWIFT_VERSION = 5.0;
				TARGETED_DEVICE_FAMILY = "1,2";
			};
			name = Release;
		};
		DE0B58F52840A09100A5F418 /* Debug */ = {
			isa = XCBuildConfiguration;
			buildSettings = {
				ALWAYS_EMBED_SWIFT_STANDARD_LIBRARIES = YES;
				BUNDLE_LOADER = "$(TEST_HOST)";
				CODE_SIGN_STYLE = Automatic;
				CURRENT_PROJECT_VERSION = 1;
				DEVELOPMENT_TEAM = WD28M49YQQ;
				GENERATE_INFOPLIST_FILE = YES;
				IPHONEOS_DEPLOYMENT_TARGET = 15.4;
				MARKETING_VERSION = 1.0;
				PRODUCT_BUNDLE_IDENTIFIER = com.ArjunMohan.TranscendTests;
				PRODUCT_NAME = "$(TARGET_NAME)";
				SWIFT_EMIT_LOC_STRINGS = NO;
				SWIFT_VERSION = 5.0;
				TARGETED_DEVICE_FAMILY = "1,2";
				TEST_HOST = "$(BUILT_PRODUCTS_DIR)/Transcend.app/Transcend";
			};
			name = Debug;
		};
		DE0B58F62840A09100A5F418 /* Release */ = {
			isa = XCBuildConfiguration;
			buildSettings = {
				ALWAYS_EMBED_SWIFT_STANDARD_LIBRARIES = YES;
				BUNDLE_LOADER = "$(TEST_HOST)";
				CODE_SIGN_STYLE = Automatic;
				CURRENT_PROJECT_VERSION = 1;
				DEVELOPMENT_TEAM = WD28M49YQQ;
				GENERATE_INFOPLIST_FILE = YES;
				IPHONEOS_DEPLOYMENT_TARGET = 15.4;
				MARKETING_VERSION = 1.0;
				PRODUCT_BUNDLE_IDENTIFIER = com.ArjunMohan.TranscendTests;
				PRODUCT_NAME = "$(TARGET_NAME)";
				SWIFT_EMIT_LOC_STRINGS = NO;
				SWIFT_VERSION = 5.0;
				TARGETED_DEVICE_FAMILY = "1,2";
				TEST_HOST = "$(BUILT_PRODUCTS_DIR)/Transcend.app/Transcend";
			};
			name = Release;
		};
		DE0B58F82840A09100A5F418 /* Debug */ = {
			isa = XCBuildConfiguration;
			buildSettings = {
				ALWAYS_EMBED_SWIFT_STANDARD_LIBRARIES = YES;
				CODE_SIGN_STYLE = Automatic;
				CURRENT_PROJECT_VERSION = 1;
				DEVELOPMENT_TEAM = WD28M49YQQ;
				GENERATE_INFOPLIST_FILE = YES;
				MARKETING_VERSION = 1.0;
				PRODUCT_BUNDLE_IDENTIFIER = com.ArjunMohan.TranscendUITests;
				PRODUCT_NAME = "$(TARGET_NAME)";
				SWIFT_EMIT_LOC_STRINGS = NO;
				SWIFT_VERSION = 5.0;
				TARGETED_DEVICE_FAMILY = "1,2";
				TEST_TARGET_NAME = Transcend;
			};
			name = Debug;
		};
		DE0B58F92840A09100A5F418 /* Release */ = {
			isa = XCBuildConfiguration;
			buildSettings = {
				ALWAYS_EMBED_SWIFT_STANDARD_LIBRARIES = YES;
				CODE_SIGN_STYLE = Automatic;
				CURRENT_PROJECT_VERSION = 1;
				DEVELOPMENT_TEAM = WD28M49YQQ;
				GENERATE_INFOPLIST_FILE = YES;
				MARKETING_VERSION = 1.0;
				PRODUCT_BUNDLE_IDENTIFIER = com.ArjunMohan.TranscendUITests;
				PRODUCT_NAME = "$(TARGET_NAME)";
				SWIFT_EMIT_LOC_STRINGS = NO;
				SWIFT_VERSION = 5.0;
				TARGETED_DEVICE_FAMILY = "1,2";
				TEST_TARGET_NAME = Transcend;
			};
			name = Release;
		};
/* End XCBuildConfiguration section */

/* Begin XCConfigurationList section */
		DE0B58BF2840A08D00A5F418 /* Build configuration list for PBXProject "Transcend" */ = {
			isa = XCConfigurationList;
			buildConfigurations = (
				DE0B58EF2840A09100A5F418 /* Debug */,
				DE0B58F02840A09100A5F418 /* Release */,
			);
			defaultConfigurationIsVisible = 0;
			defaultConfigurationName = Release;
		};
		DE0B58F12840A09100A5F418 /* Build configuration list for PBXNativeTarget "Transcend" */ = {
			isa = XCConfigurationList;
			buildConfigurations = (
				DE0B58F22840A09100A5F418 /* Debug */,
				DE0B58F32840A09100A5F418 /* Release */,
			);
			defaultConfigurationIsVisible = 0;
			defaultConfigurationName = Release;
		};
		DE0B58F42840A09100A5F418 /* Build configuration list for PBXNativeTarget "TranscendTests" */ = {
			isa = XCConfigurationList;
			buildConfigurations = (
				DE0B58F52840A09100A5F418 /* Debug */,
				DE0B58F62840A09100A5F418 /* Release */,
			);
			defaultConfigurationIsVisible = 0;
			defaultConfigurationName = Release;
		};
		DE0B58F72840A09100A5F418 /* Build configuration list for PBXNativeTarget "TranscendUITests" */ = {
			isa = XCConfigurationList;
			buildConfigurations = (
				DE0B58F82840A09100A5F418 /* Debug */,
				DE0B58F92840A09100A5F418 /* Release */,
			);
			defaultConfigurationIsVisible = 0;
			defaultConfigurationName = Release;
		};
/* End XCConfigurationList section */

/* Begin XCVersionGroup section */
		DE0B58D02840A08E00A5F418 /* Transcend.xcdatamodeld */ = {
			isa = XCVersionGroup;
			children = (
				DE0B58D12840A08E00A5F418 /* Transcend.xcdatamodel */,
			);
			currentVersion = DE0B58D12840A08E00A5F418 /* Transcend.xcdatamodel */;
			path = Transcend.xcdatamodeld;
			sourceTree = "<group>";
			versionGroupType = wrapper.xcdatamodel;
		};
/* End XCVersionGroup section */
	};
	rootObject = DE0B58BC2840A08D00A5F418 /* Project object */;
}
